PODS:
  - JZToolKit (0.9.2):
    - JZToolKit/Core (= 0.9.2)
    - JZToolKit/CoreData (= 0.9.2)
  - JZToolKit/Core (0.9.2)
  - JZToolKit/CoreData (0.9.2)
  - JZToolKit/Experimental (0.9.2):
    - JZToolKit/Core

DEPENDENCIES:
  - JZToolKit (from `.`)
  - JZToolKit/Experimental (from `.`)

EXTERNAL SOURCES:
  JZToolKit:
    :path: .

SPEC CHECKSUMS:
  JZToolKit: 0e0846358a1738b44f190893291a9bdd43a0b626

PODFILE CHECKSUM: 5cfa424dfa1541f07005911a66a1687867c3cbfd

COCOAPODS: 1.2.0
