PODS:
  - JZToolKit (0.8.2):
    - JZToolKit/Application (= 0.8.2)
    - JZToolKit/Core (= 0.8.2)
    - JZToolKit/CoreData (= 0.8.2)
  - JZToolKit/Application (0.8.2):
    - JZToolKit/Core
  - JZToolKit/Core (0.8.2)
  - JZToolKit/CoreData (0.8.2)

DEPENDENCIES:
  - JZToolKit (from `.`)

EXTERNAL SOURCES:
  JZToolKit:
    :path: .

SPEC CHECKSUMS:
  JZToolKit: e1d4d469e5c2247361746b6085f97d698a2cfe54

PODFILE CHECKSUM: 01d84017ec91b99b762912bbdab91b2fda791d03

COCOAPODS: 1.2.0
