PODS:
  - JZToolKit (0.8.3):
    - JZToolKit/Core (= 0.8.3)
    - JZToolKit/CoreData (= 0.8.3)
  - JZToolKit/Core (0.8.3)
  - JZToolKit/CoreData (0.8.3)

DEPENDENCIES:
  - JZToolKit (from `.`)

EXTERNAL SOURCES:
  JZToolKit:
    :path: .

SPEC CHECKSUMS:
  JZToolKit: 21e0813a4cef98464361eb6f1acb4f3a39149c74

PODFILE CHECKSUM: 01d84017ec91b99b762912bbdab91b2fda791d03

COCOAPODS: 1.2.0
